
Microsoft Visual Studio Solution File, Format Version 12.00
# Visual Studio Version 16
VisualStudioVersion = 16.0.31205.134
MinimumVisualStudioVersion = 10.0.40219.1
Project("{FAE04EC0-301F-11D3-BF4B-00C04F79EFBC}") = "Planes", "Planes.csproj", "{29DE1BFE-6B98-444B-A332-6FDA2E9A98AF}"
EndProject
Global
	GlobalSection(SolutionConfigurationPlatforms) = preSolution
		Debug|Any CPU = Debug|Any CPU
		Release|Any CPU = Release|Any CPU
	EndGlobalSection
	GlobalSection(ProjectConfigurationPlatforms) = postSolution
		{29DE1BFE-6B98-444B-A332-6FDA2E9A98AF}.Debug|Any CPU.ActiveCfg = Debug|Any CPU
		{29DE1BFE-6B98-444B-A332-6FDA2E9A98AF}.Debug|Any CPU.Build.0 = Debug|Any CPU
		{29DE1BFE-6B98-444B-A332-6FDA2E9A98AF}.Release|Any CPU.ActiveCfg = Release|Any CPU
		{29DE1BFE-6B98-444B-A332-6FDA2E9A98AF}.Release|Any CPU.Build.0 = Release|Any CPU
	EndGlobalSection
	GlobalSection(SolutionProperties) = preSolution
		HideSolutionNode = FALSE
	EndGlobalSection
	GlobalSection(ExtensibilityGlobals) = postSolution
		SolutionGuid = {881396F3-63A9-4D56-8841-A01FC65D823A}
	EndGlobalSection
EndGlobal
